# THIS IS AN AUTOGENERATED FILE. DO NOT EDIT THIS FILE DIRECTLY.
# yarn lockfile v1


"@types/mdast@^3.0.0":
  version "3.0.3"
  resolved "https://registry.npm.taobao.org/@types/mdast/download/@types/mdast-3.0.3.tgz#2d7d671b1cd1ea3deb306ea75036c2a0407d2deb"
  integrity sha1-LX1nGxzR6j3rMG6nUDbCoEB9Les=
  dependencies:
    "@types/unist" "*"

"@types/unist@*", "@types/unist@^2.0.0", "@types/unist@^2.0.2", "@types/unist@^2.0.3":
  version "2.0.3"
  resolved "https://registry.npm.taobao.org/@types/unist/download/@types/unist-2.0.3.tgz#9c088679876f374eb5983f150d4787aa6fb32d7e"
  integrity sha1-nAiGeYdvN061mD8VDUeHqm+zLX4=

bail@^1.0.0:
  version "1.0.5"
  resolved "https://registry.npm.taobao.org/bail/download/bail-1.0.5.tgz#b6fa133404a392cbc1f8c4bf63f5953351e7a776"
  integrity sha1-tvoTNASjksvB+MS/Y/WVM1Hnp3Y=

ccount@^1.0.0:
  version "1.0.5"
  resolved "https://registry.npm.taobao.org/ccount/download/ccount-1.0.5.tgz#ac82a944905a65ce204eb03023157edf29425c17"
  integrity sha1-rIKpRJBaZc4gTrAwIxV+3ylCXBc=

character-entities-html4@^1.0.0:
  version "1.1.4"
  resolved "https://registry.npm.taobao.org/character-entities-html4/download/character-entities-html4-1.1.4.tgz#0e64b0a3753ddbf1fdc044c5fd01d0199a02e125"
  integrity sha1-DmSwo3U92/H9wETF/QHQGZoC4SU=

character-entities-legacy@^1.0.0:
  version "1.1.4"
  resolved "https://registry.npm.taobao.org/character-entities-legacy/download/character-entities-legacy-1.1.4.tgz#94bc1845dce70a5bb9d2ecc748725661293d8fc1"
  integrity sha1-lLwYRdznClu50uzHSHJWYSk9j8E=

character-entities@^1.0.0:
  version "1.2.4"
  resolved "https://registry.npm.taobao.org/character-entities/download/character-entities-1.2.4.tgz#e12c3939b7eaf4e5b15e7ad4c5e28e1d48c5b16b"
  integrity sha1-4Sw5Obfq9OWxXnrUxeKOHUjFsWs=

character-reference-invalid@^1.0.0:
  version "1.1.4"
  resolved "https://registry.npm.taobao.org/character-reference-invalid/download/character-reference-invalid-1.1.4.tgz#083329cda0eae272ab3dbbf37e9a382c13af1560"
  integrity sha1-CDMpzaDq4nKrPbvzfpo4LBOvFWA=

collapse-white-space@^1.0.2:
  version "1.0.6"
  resolved "https://registry.npm.taobao.org/collapse-white-space/download/collapse-white-space-1.0.6.tgz#e63629c0016665792060dbbeb79c42239d2c5287"
  integrity sha1-5jYpwAFmZXkgYNu+t5xCI50sUoc=

comma-separated-tokens@^1.0.0:
  version "1.0.8"
  resolved "https://registry.npm.taobao.org/comma-separated-tokens/download/comma-separated-tokens-1.0.8.tgz#632b80b6117867a158f1080ad498b2fbe7e3f5ea"
  integrity sha1-YyuAthF4Z6FY8QgK1Jiy++fj9eo=

date-fns@^2.16.1:
  version "2.16.1"
  resolved "https://registry.npm.taobao.org/date-fns/download/date-fns-2.16.1.tgz?cache=0&sync_timestamp=1598884189690&other_urls=https%3A%2F%2Fregistry.npm.taobao.org%2Fdate-fns%2Fdownload%2Fdate-fns-2.16.1.tgz#05775792c3f3331da812af253e1a935851d3834b"
  integrity sha1-BXdXksPzMx2oEq8lPhqTWFHTg0s=

extend@^3.0.0:
  version "3.0.2"
  resolved "https://registry.npm.taobao.org/extend/download/extend-3.0.2.tgz#f8b1136b4071fbd8eb140aff858b1019ec2915fa"
  integrity sha1-+LETa0Bx+9jrFAr/hYsQGewpFfo=

hast-util-is-element@^1.0.0:
  version "1.1.0"
  resolved "https://registry.npm.taobao.org/hast-util-is-element/download/hast-util-is-element-1.1.0.tgz#3b3ed5159a2707c6137b48637fbfe068e175a425"
  integrity sha1-Oz7VFZonB8YTe0hjf7/gaOF1pCU=

hast-util-sanitize@^3.0.0:
  version "3.0.0"
  resolved "https://registry.npm.taobao.org/hast-util-sanitize/download/hast-util-sanitize-3.0.0.tgz#4cdc26b2991b3bf90ee74b5c932e14d907549312"
  integrity sha1-TNwmspkbO/kO50tcky4U2QdUkxI=
  dependencies:
    xtend "^4.0.0"

hast-util-to-html@^7.0.0:
  version "7.1.1"
  resolved "https://registry.npm.taobao.org/hast-util-to-html/download/hast-util-to-html-7.1.1.tgz#39818b8bbfcb8eaa87846a120b3875487b27d094"
  integrity sha1-OYGLi7/LjqqHhGoSCzh1SHsn0JQ=
  dependencies:
    ccount "^1.0.0"
    comma-separated-tokens "^1.0.0"
    hast-util-is-element "^1.0.0"
    hast-util-whitespace "^1.0.0"
    html-void-elements "^1.0.0"
    property-information "^5.0.0"
    space-separated-tokens "^1.0.0"
    stringify-entities "^3.0.1"
    unist-util-is "^4.0.0"
    xtend "^4.0.0"

hast-util-whitespace@^1.0.0:
  version "1.0.4"
  resolved "https://registry.npm.taobao.org/hast-util-whitespace/download/hast-util-whitespace-1.0.4.tgz#e4fe77c4a9ae1cb2e6c25e02df0043d0164f6e41"
  integrity sha1-5P53xKmuHLLmwl4C3wBD0BZPbkE=

html-void-elements@^1.0.0:
  version "1.0.5"
  resolved "https://registry.npm.taobao.org/html-void-elements/download/html-void-elements-1.0.5.tgz#ce9159494e86d95e45795b166c2021c2cfca4483"
  integrity sha1-zpFZSU6G2V5FeVsWbCAhws/KRIM=

inherits@^2.0.0:
  version "2.0.4"
  resolved "https://registry.npm.taobao.org/inherits/download/inherits-2.0.4.tgz#0fa2c64f932917c3433a0ded55363aae37416b7c"
  integrity sha1-D6LGT5MpF8NDOg3tVTY6rjdBa3w=

is-alphabetical@^1.0.0:
  version "1.0.4"
  resolved "https://registry.npm.taobao.org/is-alphabetical/download/is-alphabetical-1.0.4.tgz#9e7d6b94916be22153745d184c298cbf986a686d"
  integrity sha1-nn1rlJFr4iFTdF0YTCmMv5hqaG0=

is-alphanumeric@^1.0.0:
  version "1.0.0"
  resolved "https://registry.npm.taobao.org/is-alphanumeric/download/is-alphanumeric-1.0.0.tgz#4a9cef71daf4c001c1d81d63d140cf53fd6889f4"
  integrity sha1-Spzvcdr0wAHB2B1j0UDPU/1oifQ=

is-alphanumerical@^1.0.0:
  version "1.0.4"
  resolved "https://registry.npm.taobao.org/is-alphanumerical/download/is-alphanumerical-1.0.4.tgz#7eb9a2431f855f6b1ef1a78e326df515696c4dbf"
  integrity sha1-frmiQx+FX2se8aeOMm31FWlsTb8=
  dependencies:
    is-alphabetical "^1.0.0"
    is-decimal "^1.0.0"

is-buffer@^2.0.0:
  version "2.0.4"
  resolved "https://registry.npm.taobao.org/is-buffer/download/is-buffer-2.0.4.tgz#3e572f23c8411a5cfd9557c849e3665e0b290623"
  integrity sha1-PlcvI8hBGlz9lVfISeNmXgspBiM=

is-decimal@^1.0.0, is-decimal@^1.0.2:
  version "1.0.4"
  resolved "https://registry.npm.taobao.org/is-decimal/download/is-decimal-1.0.4.tgz#65a3a5958a1c5b63a706e1b333d7cd9f630d3fa5"
  integrity sha1-ZaOllYocW2OnBuGzM9fNn2MNP6U=

is-hexadecimal@^1.0.0:
  version "1.0.4"
  resolved "https://registry.npm.taobao.org/is-hexadecimal/download/is-hexadecimal-1.0.4.tgz#cc35c97588da4bd49a8eedd6bc4082d44dcb23a7"
  integrity sha1-zDXJdYjaS9Saju3WvECC1E3LI6c=

is-plain-obj@^2.0.0:
  version "2.1.0"
  resolved "https://registry.npm.taobao.org/is-plain-obj/download/is-plain-obj-2.1.0.tgz#45e42e37fccf1f40da8e5f76ee21515840c09287"
  integrity sha1-ReQuN/zPH0Dajl927iFRWEDAkoc=

is-whitespace-character@^1.0.0:
  version "1.0.4"
  resolved "https://registry.npm.taobao.org/is-whitespace-character/download/is-whitespace-character-1.0.4.tgz#0858edd94a95594c7c9dd0b5c174ec6e45ee4aa7"
  integrity sha1-CFjt2UqVWUx8ndC1wXTsbkXuSqc=

is-word-character@^1.0.0:
  version "1.0.4"
  resolved "https://registry.npm.taobao.org/is-word-character/download/is-word-character-1.0.4.tgz#ce0e73216f98599060592f62ff31354ddbeb0230"
  integrity sha1-zg5zIW+YWZBgWS9i/zE1TdvrAjA=

longest-streak@^2.0.1:
  version "2.0.4"
  resolved "https://registry.npm.taobao.org/longest-streak/download/longest-streak-2.0.4.tgz#b8599957da5b5dab64dee3fe316fa774597d90e4"
  integrity sha1-uFmZV9pbXatk3uP+MW+ndFl9kOQ=

markdown-escapes@^1.0.0:
  version "1.0.4"
  resolved "https://registry.npm.taobao.org/markdown-escapes/download/markdown-escapes-1.0.4.tgz#c95415ef451499d7602b91095f3c8e8975f78535"
  integrity sha1-yVQV70UUmddgK5EJXzyOiXX3hTU=

markdown-table@^2.0.0:
  version "2.0.0"
  resolved "https://registry.npm.taobao.org/markdown-table/download/markdown-table-2.0.0.tgz#194a90ced26d31fe753d8b9434430214c011865b"
  integrity sha1-GUqQztJtMf51PYuUNEMCFMARhls=
  dependencies:
    repeat-string "^1.0.0"

mdast-util-compact@^2.0.0:
  version "2.0.1"
  resolved "https://registry.npm.taobao.org/mdast-util-compact/download/mdast-util-compact-2.0.1.tgz#cabc69a2f43103628326f35b1acf735d55c99490"
  integrity sha1-yrxpovQxA2KDJvNbGs9zXVXJlJA=
  dependencies:
    unist-util-visit "^2.0.0"

mdast-util-definitions@^3.0.0:
  version "3.0.1"
  resolved "https://registry.npm.taobao.org/mdast-util-definitions/download/mdast-util-definitions-3.0.1.tgz#06af6c49865fc63d6d7d30125569e2f7ae3d0a86"
  integrity sha1-Bq9sSYZfxj1tfTASVWni9649CoY=
  dependencies:
    unist-util-visit "^2.0.0"

mdast-util-to-hast@^9.0.0:
  version "9.1.1"
  resolved "https://registry.npm.taobao.org/mdast-util-to-hast/download/mdast-util-to-hast-9.1.1.tgz?cache=0&sync_timestamp=1599040423919&other_urls=https%3A%2F%2Fregistry.npm.taobao.org%2Fmdast-util-to-hast%2Fdownload%2Fmdast-util-to-hast-9.1.1.tgz#953ff12aed57464b11d7e5549a45913e561909fa"
  integrity sha1-lT/xKu1XRksR1+VUmkWRPlYZCfo=
  dependencies:
    "@types/mdast" "^3.0.0"
    "@types/unist" "^2.0.3"
    mdast-util-definitions "^3.0.0"
    mdurl "^1.0.0"
    unist-builder "^2.0.0"
    unist-util-generated "^1.0.0"
    unist-util-position "^3.0.0"
    unist-util-visit "^2.0.0"

mdurl@^1.0.0:
  version "1.0.1"
  resolved "https://registry.npm.taobao.org/mdurl/download/mdurl-1.0.1.tgz#fe85b2ec75a59037f2adfec100fd6c601761152e"
  integrity sha1-/oWy7HWlkDfyrf7BAP1sYBdhFS4=

parse-entities@^2.0.0:
  version "2.0.0"
  resolved "https://registry.npm.taobao.org/parse-entities/download/parse-entities-2.0.0.tgz#53c6eb5b9314a1f4ec99fa0fdf7ce01ecda0cbe8"
  integrity sha1-U8brW5MUofTsmfoP33zgHs2gy+g=
  dependencies:
    character-entities "^1.0.0"
    character-entities-legacy "^1.0.0"
    character-reference-invalid "^1.0.0"
    is-alphanumerical "^1.0.0"
    is-decimal "^1.0.0"
    is-hexadecimal "^1.0.0"

property-information@^5.0.0:
  version "5.5.0"
  resolved "https://registry.npm.taobao.org/property-information/download/property-information-5.5.0.tgz#4dc075d493061a82e2b7d096f406e076ed859943"
  integrity sha1-TcB11JMGGoLit9CW9Abgdu2FmUM=
  dependencies:
    xtend "^4.0.0"

remark-html@^12.0.0:
  version "12.0.0"
  resolved "https://registry.npm.taobao.org/remark-html/download/remark-html-12.0.0.tgz#f39d2a5e173cce777981cb4171b4ea860313d72a"
  integrity sha1-850qXhc8znd5gctBcbTqhgMT1yo=
  dependencies:
    hast-util-sanitize "^3.0.0"
    hast-util-to-html "^7.0.0"
    mdast-util-to-hast "^9.0.0"
    xtend "^4.0.1"

remark-parse@^8.0.0:
  version "8.0.3"
  resolved "https://registry.npm.taobao.org/remark-parse/download/remark-parse-8.0.3.tgz?cache=0&sync_timestamp=1594993801097&other_urls=https%3A%2F%2Fregistry.npm.taobao.org%2Fremark-parse%2Fdownload%2Fremark-parse-8.0.3.tgz#9c62aa3b35b79a486454c690472906075f40c7e1"
  integrity sha1-nGKqOzW3mkhkVMaQRykGB19Ax+E=
  dependencies:
    ccount "^1.0.0"
    collapse-white-space "^1.0.2"
    is-alphabetical "^1.0.0"
    is-decimal "^1.0.0"
    is-whitespace-character "^1.0.0"
    is-word-character "^1.0.0"
    markdown-escapes "^1.0.0"
    parse-entities "^2.0.0"
    repeat-string "^1.5.4"
    state-toggle "^1.0.0"
    trim "0.0.1"
    trim-trailing-lines "^1.0.0"
    unherit "^1.0.4"
    unist-util-remove-position "^2.0.0"
    vfile-location "^3.0.0"
    xtend "^4.0.1"

remark-stringify@^8.0.0:
  version "8.1.1"
  resolved "https://registry.npm.taobao.org/remark-stringify/download/remark-stringify-8.1.1.tgz?cache=0&sync_timestamp=1594993801250&other_urls=https%3A%2F%2Fregistry.npm.taobao.org%2Fremark-stringify%2Fdownload%2Fremark-stringify-8.1.1.tgz#e2a9dc7a7bf44e46a155ec78996db896780d8ce5"
  integrity sha1-4qncenv0TkahVex4mW24lngNjOU=
  dependencies:
    ccount "^1.0.0"
    is-alphanumeric "^1.0.0"
    is-decimal "^1.0.0"
    is-whitespace-character "^1.0.0"
    longest-streak "^2.0.1"
    markdown-escapes "^1.0.0"
    markdown-table "^2.0.0"
    mdast-util-compact "^2.0.0"
    parse-entities "^2.0.0"
    repeat-string "^1.5.4"
    state-toggle "^1.0.0"
    stringify-entities "^3.0.0"
    unherit "^1.0.4"
    xtend "^4.0.1"

remark@^12.0.1:
  version "12.0.1"
  resolved "https://registry.npm.taobao.org/remark/download/remark-12.0.1.tgz?cache=0&sync_timestamp=1594993800845&other_urls=https%3A%2F%2Fregistry.npm.taobao.org%2Fremark%2Fdownload%2Fremark-12.0.1.tgz#f1ddf68db7be71ca2bad0a33cd3678b86b9c709f"
  integrity sha1-8d32jbe+ccorrQozzTZ4uGuccJ8=
  dependencies:
    remark-parse "^8.0.0"
    remark-stringify "^8.0.0"
    unified "^9.0.0"

repeat-string@^1.0.0, repeat-string@^1.5.4:
  version "1.6.1"
  resolved "https://registry.npm.taobao.org/repeat-string/download/repeat-string-1.6.1.tgz#8dcae470e1c88abc2d600fff4a776286da75e637"
  integrity sha1-jcrkcOHIirwtYA//Sndihtp15jc=

replace-ext@1.0.0:
  version "1.0.0"
  resolved "https://registry.npm.taobao.org/replace-ext/download/replace-ext-1.0.0.tgz#de63128373fcbf7c3ccfa4de5a480c45a67958eb"
  integrity sha1-3mMSg3P8v3w8z6TeWkgMRaZ5WOs=

space-separated-tokens@^1.0.0:
  version "1.1.5"
  resolved "https://registry.npm.taobao.org/space-separated-tokens/download/space-separated-tokens-1.1.5.tgz#85f32c3d10d9682007e917414ddc5c26d1aa6899"
  integrity sha1-hfMsPRDZaCAH6RdBTdxcJtGqaJk=

state-toggle@^1.0.0:
  version "1.0.3"
  resolved "https://registry.npm.taobao.org/state-toggle/download/state-toggle-1.0.3.tgz#e123b16a88e143139b09c6852221bc9815917dfe"
  integrity sha1-4SOxaojhQxObCcaFIiG8mBWRff4=

stringify-entities@^3.0.0, stringify-entities@^3.0.1:
  version "3.0.1"
  resolved "https://registry.npm.taobao.org/stringify-entities/download/stringify-entities-3.0.1.tgz#32154b91286ab0869ab2c07696223bd23b6dbfc0"
  integrity sha1-MhVLkShqsIaassB2liI70jttv8A=
  dependencies:
    character-entities-html4 "^1.0.0"
    character-entities-legacy "^1.0.0"
    is-alphanumerical "^1.0.0"
    is-decimal "^1.0.2"
    is-hexadecimal "^1.0.0"

trim-trailing-lines@^1.0.0:
  version "1.1.3"
  resolved "https://registry.npm.taobao.org/trim-trailing-lines/download/trim-trailing-lines-1.1.3.tgz#7f0739881ff76657b7776e10874128004b625a94"
  integrity sha1-fwc5iB/3Zle3d24Qh0EoAEtiWpQ=

trim@0.0.1:
  version "0.0.1"
  resolved "https://registry.npm.taobao.org/trim/download/trim-0.0.1.tgz#5858547f6b290757ee95cccc666fb50084c460dd"
  integrity sha1-WFhUf2spB1fulczMZm+1AITEYN0=

trough@^1.0.0:
  version "1.0.5"
  resolved "https://registry.npm.taobao.org/trough/download/trough-1.0.5.tgz#b8b639cefad7d0bb2abd37d433ff8293efa5f406"
  integrity sha1-uLY5zvrX0LsqvTfUM/+Ck++l9AY=

unherit@^1.0.4:
  version "1.1.3"
  resolved "https://registry.npm.taobao.org/unherit/download/unherit-1.1.3.tgz#6c9b503f2b41b262330c80e91c8614abdaa69c22"
  integrity sha1-bJtQPytBsmIzDIDpHIYUq9qmnCI=
  dependencies:
    inherits "^2.0.0"
    xtend "^4.0.0"

unified@^9.0.0:
  version "9.2.0"
  resolved "https://registry.npm.taobao.org/unified/download/unified-9.2.0.tgz?cache=0&sync_timestamp=1598035177736&other_urls=https%3A%2F%2Fregistry.npm.taobao.org%2Funified%2Fdownload%2Funified-9.2.0.tgz#67a62c627c40589edebbf60f53edfd4d822027f8"
  integrity sha1-Z6YsYnxAWJ7eu/YPU+39TYIgJ/g=
  dependencies:
    bail "^1.0.0"
    extend "^3.0.0"
    is-buffer "^2.0.0"
    is-plain-obj "^2.0.0"
    trough "^1.0.0"
    vfile "^4.0.0"

unist-builder@^2.0.0:
  version "2.0.3"
  resolved "https://registry.npm.taobao.org/unist-builder/download/unist-builder-2.0.3.tgz#77648711b5d86af0942f334397a33c5e91516436"
  integrity sha1-d2SHEbXYavCULzNDl6M8XpFRZDY=

unist-util-generated@^1.0.0:
  version "1.1.5"
  resolved "https://registry.npm.taobao.org/unist-util-generated/download/unist-util-generated-1.1.5.tgz#1e903e68467931ebfaea386dae9ea253628acd42"
  integrity sha1-HpA+aEZ5Mev66jhtrp6iU2KKzUI=

unist-util-is@^4.0.0:
  version "4.0.2"
  resolved "https://registry.npm.taobao.org/unist-util-is/download/unist-util-is-4.0.2.tgz#c7d1341188aa9ce5b3cff538958de9895f14a5de"
  integrity sha1-x9E0EYiqnOWzz/U4lY3piV8Upd4=

unist-util-position@^3.0.0:
  version "3.1.0"
  resolved "https://registry.npm.taobao.org/unist-util-position/download/unist-util-position-3.1.0.tgz#1c42ee6301f8d52f47d14f62bbdb796571fa2d47"
  integrity sha1-HELuYwH41S9H0U9iu9t5ZXH6LUc=

unist-util-remove-position@^2.0.0:
  version "2.0.1"
  resolved "https://registry.npm.taobao.org/unist-util-remove-position/download/unist-util-remove-position-2.0.1.tgz#5d19ca79fdba712301999b2b73553ca8f3b352cc"
  integrity sha1-XRnKef26cSMBmZsrc1U8qPOzUsw=
  dependencies:
    unist-util-visit "^2.0.0"

unist-util-stringify-position@^2.0.0:
  version "2.0.3"
  resolved "https://registry.npm.taobao.org/unist-util-stringify-position/download/unist-util-stringify-position-2.0.3.tgz#cce3bfa1cdf85ba7375d1d5b17bdc4cada9bd9da"
  integrity sha1-zOO/oc34W6c3XR1bF73Eytqb2do=
  dependencies:
    "@types/unist" "^2.0.2"

unist-util-visit-parents@^3.0.0:
  version "3.1.0"
  resolved "https://registry.npm.taobao.org/unist-util-visit-parents/download/unist-util-visit-parents-3.1.0.tgz#4dd262fb9dcfe44f297d53e882fc6ff3421173d5"
  integrity sha1-TdJi+53P5E8pfVPogvxv80IRc9U=
  dependencies:
    "@types/unist" "^2.0.0"
    unist-util-is "^4.0.0"

unist-util-visit@^2.0.0:
  version "2.0.3"
  resolved "https://registry.npm.taobao.org/unist-util-visit/download/unist-util-visit-2.0.3.tgz?cache=0&sync_timestamp=1594459623892&other_urls=https%3A%2F%2Fregistry.npm.taobao.org%2Funist-util-visit%2Fdownload%2Funist-util-visit-2.0.3.tgz#c3703893146df47203bb8a9795af47d7b971208c"
  integrity sha1-w3A4kxRt9HIDu4qXla9H17lxIIw=
  dependencies:
    "@types/unist" "^2.0.0"
    unist-util-is "^4.0.0"
    unist-util-visit-parents "^3.0.0"

vfile-location@^3.0.0:
  version "3.1.0"
  resolved "https://registry.npm.taobao.org/vfile-location/download/vfile-location-3.1.0.tgz?cache=0&sync_timestamp=1598027557496&other_urls=https%3A%2F%2Fregistry.npm.taobao.org%2Fvfile-location%2Fdownload%2Fvfile-location-3.1.0.tgz#81cd8a04b0ac935185f4fce16f270503fc2f692f"
  integrity sha1-gc2KBLCsk1GF9PzhbycFA/wvaS8=

vfile-message@^2.0.0:
  version "2.0.4"
  resolved "https://registry.npm.taobao.org/vfile-message/download/vfile-message-2.0.4.tgz#5b43b88171d409eae58477d13f23dd41d52c371a"
  integrity sha1-W0O4gXHUCerlhHfRPyPdQdUsNxo=
  dependencies:
    "@types/unist" "^2.0.0"
    unist-util-stringify-position "^2.0.0"

vfile@^4.0.0:
  version "4.2.0"
  resolved "https://registry.npm.taobao.org/vfile/download/vfile-4.2.0.tgz?cache=0&sync_timestamp=1596109880576&other_urls=https%3A%2F%2Fregistry.npm.taobao.org%2Fvfile%2Fdownload%2Fvfile-4.2.0.tgz#26c78ac92eb70816b01d4565e003b7e65a2a0e01"
  integrity sha1-JseKyS63CBawHUVl4AO35loqDgE=
  dependencies:
    "@types/unist" "^2.0.0"
    is-buffer "^2.0.0"
    replace-ext "1.0.0"
    unist-util-stringify-position "^2.0.0"
    vfile-message "^2.0.0"

xtend@^4.0.0, xtend@^4.0.1:
  version "4.0.2"
  resolved "https://registry.npm.taobao.org/xtend/download/xtend-4.0.2.tgz?cache=0&sync_timestamp=1596697437792&other_urls=https%3A%2F%2Fregistry.npm.taobao.org%2Fxtend%2Fdownload%2Fxtend-4.0.2.tgz#bb72779f5fa465186b1f438f674fa347fdb5db54"
  integrity sha1-u3J3n1+kZRhrH0OPZ0+jR/2121Q=
